
Microsoft Visual Studio Solution File, Format Version 12.00
# Visual Studio Version 16
VisualStudioVersion = 16.0.30907.101
MinimumVisualStudioVersion = 10.0.40219.1
Project("{FAE04EC0-301F-11D3-BF4B-00C04F79EFBC}") = "actfour", "actfour\actfour.csproj", "{B9EF62A7-1269-4D7D-9BDB-1CE06760A382}"
EndProject
Global
	GlobalSection(SolutionConfigurationPlatforms) = preSolution
		Debug|Any CPU = Debug|Any CPU
		Release|Any CPU = Release|Any CPU
	EndGlobalSection
	GlobalSection(ProjectConfigurationPlatforms) = postSolution
		{B9EF62A7-1269-4D7D-9BDB-1CE06760A382}.Debug|Any CPU.ActiveCfg = Debug|Any CPU
		{B9EF62A7-1269-4D7D-9BDB-1CE06760A382}.Debug|Any CPU.Build.0 = Debug|Any CPU
		{B9EF62A7-1269-4D7D-9BDB-1CE06760A382}.Release|Any CPU.ActiveCfg = Release|Any CPU
		{B9EF62A7-1269-4D7D-9BDB-1CE06760A382}.Release|Any CPU.Build.0 = Release|Any CPU
	EndGlobalSection
	GlobalSection(SolutionProperties) = preSolution
		HideSolutionNode = FALSE
	EndGlobalSection
	GlobalSection(ExtensibilityGlobals) = postSolution
		SolutionGuid = {7A1661F2-C35E-491F-A452-905485729FA0}
	EndGlobalSection
EndGlobal
